
Microsoft Visual Studio Solution File, Format Version 12.00
# Visual Studio Version 17
VisualStudioVersion = 17.6.33829.357
MinimumVisualStudioVersion = 10.0.40219.1
Project("{9A19103F-16F7-4668-BE54-9A1E7A4F7556}") = "Common", "Common\Common.csproj", "{44220113-70D6-4079-8135-61FB09A119ED}"
EndProject
Project("{FAE04EC0-301F-11D3-BF4B-00C04F79EFBC}") = "Common.Test", "Common.Test\Common.Test.csproj", "{F85AA51F-E568-4279-BAA8-049C527111FC}"
EndProject
Global
	GlobalSection(SolutionConfigurationPlatforms) = preSolution
		Debug|Any CPU = Debug|Any CPU
		Release|Any CPU = Release|Any CPU
	EndGlobalSection
	GlobalSection(ProjectConfigurationPlatforms) = postSolution
		{44220113-70D6-4079-8135-61FB09A119ED}.Debug|Any CPU.ActiveCfg = Debug|Any CPU
		{44220113-70D6-4079-8135-61FB09A119ED}.Debug|Any CPU.Build.0 = Debug|Any CPU
		{44220113-70D6-4079-8135-61FB09A119ED}.Release|Any CPU.ActiveCfg = Release|Any CPU
		{44220113-70D6-4079-8135-61FB09A119ED}.Release|Any CPU.Build.0 = Release|Any CPU
		{F85AA51F-E568-4279-BAA8-049C527111FC}.Debug|Any CPU.ActiveCfg = Debug|Any CPU
		{F85AA51F-E568-4279-BAA8-049C527111FC}.Debug|Any CPU.Build.0 = Debug|Any CPU
		{F85AA51F-E568-4279-BAA8-049C527111FC}.Release|Any CPU.ActiveCfg = Release|Any CPU
		{F85AA51F-E568-4279-BAA8-049C527111FC}.Release|Any CPU.Build.0 = Release|Any CPU
	EndGlobalSection
	GlobalSection(SolutionProperties) = preSolution
		HideSolutionNode = FALSE
	EndGlobalSection
	GlobalSection(ExtensibilityGlobals) = postSolution
		SolutionGuid = {1FF4C952-8723-4C22-B49E-0504D58AE297}
	EndGlobalSection
EndGlobal
